// !$*UTF8*$!
{
	archiveVersion = 1;
	classes = {
	};
	objectVersion = 46;
	objects = {

/* Begin PBXBuildFile section */
		3B166850153B833700DD7498 /* MocoDriverStatusValueTransformer.m in Sources */ = {isa = PBXBuildFile; fileRef = 3B16684F153B829F00DD7498 /* MocoDriverStatusValueTransformer.m */; };
		3B166873153B8B0F00DD7498 /* MocoTimelineView.m in Sources */ = {isa = PBXBuildFile; fileRef = 3B166872153B8B0F00DD7498 /* MocoTimelineView.m */; };
		3B166876153B8B7A00DD7498 /* MocoTimelineTrackView.m in Sources */ = {isa = PBXBuildFile; fileRef = 3B166875153B8B7A00DD7498 /* MocoTimelineTrackView.m */; };
		3B16C566153AA4F000F40A56 /* MocoFrame.m in Sources */ = {isa = PBXBuildFile; fileRef = 3B16C558153A9AC400F40A56 /* MocoFrame.m */; };
		3B16C572153ABC2700F40A56 /* porkins.icns in Resources */ = {isa = PBXBuildFile; fileRef = 3B16C571153ABC2700F40A56 /* porkins.icns */; };
		3B16C596153ACF7900F40A56 /* MocoAppDelegate.m in Sources */ = {isa = PBXBuildFile; fileRef = 3B16C593153ACF3100F40A56 /* MocoAppDelegate.m */; };
		3B16C5C0153AD7CE00F40A56 /* IOKit.framework in Frameworks */ = {isa = PBXBuildFile; fileRef = 3B16C5BF153AD7CE00F40A56 /* IOKit.framework */; };
		3B2E0315153CFADD00890049 /* MocoDriverResponse.m in Sources */ = {isa = PBXBuildFile; fileRef = 3B2E0314153CFADD00890049 /* MocoDriverResponse.m */; };
		3B349156154389990070B321 /* Trenchrun.icns in Resources */ = {isa = PBXBuildFile; fileRef = 3B349155154389990070B321 /* Trenchrun.icns */; };
		3B34D47F15393F8900BB8F3D /* Cocoa.framework in Frameworks */ = {isa = PBXBuildFile; fileRef = 3B34D47E15393F8900BB8F3D /* Cocoa.framework */; };
		3B34D48915393F8900BB8F3D /* InfoPlist.strings in Resources */ = {isa = PBXBuildFile; fileRef = 3B34D48715393F8900BB8F3D /* InfoPlist.strings */; };
		3B34D48B15393F8900BB8F3D /* main.m in Sources */ = {isa = PBXBuildFile; fileRef = 3B34D48A15393F8900BB8F3D /* main.m */; };
		3B34D48F15393F8900BB8F3D /* Credits.rtf in Resources */ = {isa = PBXBuildFile; fileRef = 3B34D48D15393F8900BB8F3D /* Credits.rtf */; };
		3B34D49215393F8900BB8F3D /* MocoDocument.m in Sources */ = {isa = PBXBuildFile; fileRef = 3B34D49115393F8900BB8F3D /* MocoDocument.m */; };
		3B34D49515393F8900BB8F3D /* MocoDocument.xib in Resources */ = {isa = PBXBuildFile; fileRef = 3B34D49315393F8900BB8F3D /* MocoDocument.xib */; };
		3B34D49815393F8900BB8F3D /* MainMenu.xib in Resources */ = {isa = PBXBuildFile; fileRef = 3B34D49615393F8900BB8F3D /* MainMenu.xib */; };
		3B34D4AF153940AC00BB8F3D /* QuartzCore.framework in Frameworks */ = {isa = PBXBuildFile; fileRef = 3B34D4AE153940AC00BB8F3D /* QuartzCore.framework */; };
		3B4E9708154354E500E0A98E /* Sparkle.framework in Frameworks */ = {isa = PBXBuildFile; fileRef = 3B4E9707154354E500E0A98E /* Sparkle.framework */; };
		3B4E97091543550300E0A98E /* Sparkle.framework in CopyFiles */ = {isa = PBXBuildFile; fileRef = 3B4E9707154354E500E0A98E /* Sparkle.framework */; };
		3B6A4FA2153FC18A00793C8A /* TimelineView.xib in Resources */ = {isa = PBXBuildFile; fileRef = 3B6A4FA1153FC18A00793C8A /* TimelineView.xib */; };
		3B6A4FA5153FC5DC00793C8A /* MocoTimelineContainerView.m in Sources */ = {isa = PBXBuildFile; fileRef = 3B6A4FA4153FC5DC00793C8A /* MocoTimelineContainerView.m */; };
		3B6A4FA7153FC89D00793C8A /* noise.png in Resources */ = {isa = PBXBuildFile; fileRef = 3B6A4FA6153FC89D00793C8A /* noise.png */; };
		3B70DAD2153FE579006230BC /* MocoTimelineTrackViewController.m in Sources */ = {isa = PBXBuildFile; fileRef = 3B70DAD1153FE579006230BC /* MocoTimelineTrackViewController.m */; };
		3B70DAD5153FFF2E006230BC /* MocoTimelineHeaderListView.m in Sources */ = {isa = PBXBuildFile; fileRef = 3B70DAD4153FFF2E006230BC /* MocoTimelineHeaderListView.m */; };
		3B70DAD815400220006230BC /* MocoTimelineHeaderView.m in Sources */ = {isa = PBXBuildFile; fileRef = 3B70DAD715400220006230BC /* MocoTimelineHeaderView.m */; };
		3B70DADC154005C3006230BC /* MocoTimelineHeaderViewController.m in Sources */ = {isa = PBXBuildFile; fileRef = 3B70DADA154005C2006230BC /* MocoTimelineHeaderViewController.m */; };
		3B70DADD154005C3006230BC /* MocoTimelineHeaderViewController.xib in Resources */ = {isa = PBXBuildFile; fileRef = 3B70DADB154005C2006230BC /* MocoTimelineHeaderViewController.xib */; };
		3B721E2A1543444F008F6D76 /* screengloss.png in Resources */ = {isa = PBXBuildFile; fileRef = 3B721E291543444F008F6D76 /* screengloss.png */; };
		3B7FFAB5153B583E00D465E7 /* MocoDriver.m in Sources */ = {isa = PBXBuildFile; fileRef = 3B7FFAB4153B583E00D465E7 /* MocoDriver.m */; };
		3B81D4681543B3BA00AEB709 /* MocoAxisPosition.m in Sources */ = {isa = PBXBuildFile; fileRef = 3B81D4671543B3BA00AEB709 /* MocoAxisPosition.m */; };
		3B81D4701543E26900AEB709 /* ReleaseNotesWindowController.m in Sources */ = {isa = PBXBuildFile; fileRef = 3B81D46E1543E26900AEB709 /* ReleaseNotesWindowController.m */; };
		3B81D4711543E26900AEB709 /* ReleaseNotesWindowController.xib in Resources */ = {isa = PBXBuildFile; fileRef = 3B81D46F1543E26900AEB709 /* ReleaseNotesWindowController.xib */; };
		3B8FC7BB1542868700BC2B9D /* NSColor+M3Extensions.m in Sources */ = {isa = PBXBuildFile; fileRef = 3B8FC7B91542860400BC2B9D /* NSColor+M3Extensions.m */; };
		3B8FC7BD154291ED00BC2B9D /* screen.png in Resources */ = {isa = PBXBuildFile; fileRef = 3B8FC7BC154291ED00BC2B9D /* screen.png */; };
		3B9D52B715412EB400421D14 /* track-header-bg.png in Resources */ = {isa = PBXBuildFile; fileRef = 3B9D52B615412EB400421D14 /* track-header-bg.png */; };
		3B9D52B91541339D00421D14 /* divider.png in Resources */ = {isa = PBXBuildFile; fileRef = 3B9D52B81541339D00421D14 /* divider.png */; };
		3B9D52BC1541365500421D14 /* MocoLineGraphView.m in Sources */ = {isa = PBXBuildFile; fileRef = 3B9D52BB1541365500421D14 /* MocoLineGraphView.m */; };
		3BA1E96C153D3A6C003D0F74 /* MocoSerialConnection.m in Sources */ = {isa = PBXBuildFile; fileRef = 3BA1E96B153D3A6C003D0F74 /* MocoSerialConnection.m */; };
		3BC12F2815415C6F00EE149F /* MocoTimelineRulerView.m in Sources */ = {isa = PBXBuildFile; fileRef = 3BC12F2715415C6F00EE149F /* MocoTimelineRulerView.m */; };
		3BCBD249153BA0CD00D8E088 /* playhead.png in Resources */ = {isa = PBXBuildFile; fileRef = 3BCBD248153BA0CD00D8E088 /* playhead.png */; };
		3BCBD24E153BA5E300D8E088 /* MocoTrack.m in Sources */ = {isa = PBXBuildFile; fileRef = 3BCBD24D153BA5E300D8E088 /* MocoTrack.m */; };
		3BCBD254153BBA1D00D8E088 /* TimelineViewController.m in Sources */ = {isa = PBXBuildFile; fileRef = 3BCBD253153BBA1D00D8E088 /* TimelineViewController.m */; };
/* End PBXBuildFile section */

/* Begin PBXCopyFilesBuildPhase section */
		3B34D4AC1539406300BB8F3D /* CopyFiles */ = {
			isa = PBXCopyFilesBuildPhase;
			buildActionMask = 2147483647;
			dstPath = "";
			dstSubfolderSpec = 10;
			files = (
				3B4E97091543550300E0A98E /* Sparkle.framework in CopyFiles */,
			);
			runOnlyForDeploymentPostprocessing = 0;
		};
/* End PBXCopyFilesBuildPhase section */

/* Begin PBXFileReference section */
		3B16684E153B829F00DD7498 /* MocoDriverStatusValueTransformer.h */ = {isa = PBXFileReference; lastKnownFileType = sourcecode.c.h; path = MocoDriverStatusValueTransformer.h; sourceTree = "<group>"; };
		3B16684F153B829F00DD7498 /* MocoDriverStatusValueTransformer.m */ = {isa = PBXFileReference; lastKnownFileType = sourcecode.c.objc; path = MocoDriverStatusValueTransformer.m; sourceTree = "<group>"; };
		3B166871153B8B0F00DD7498 /* MocoTimelineView.h */ = {isa = PBXFileReference; fileEncoding = 4; lastKnownFileType = sourcecode.c.h; path = MocoTimelineView.h; sourceTree = "<group>"; };
		3B166872153B8B0F00DD7498 /* MocoTimelineView.m */ = {isa = PBXFileReference; fileEncoding = 4; lastKnownFileType = sourcecode.c.objc; path = MocoTimelineView.m; sourceTree = "<group>"; };
		3B166874153B8B7A00DD7498 /* MocoTimelineTrackView.h */ = {isa = PBXFileReference; fileEncoding = 4; lastKnownFileType = sourcecode.c.h; path = MocoTimelineTrackView.h; sourceTree = "<group>"; };
		3B166875153B8B7A00DD7498 /* MocoTimelineTrackView.m */ = {isa = PBXFileReference; fileEncoding = 4; lastKnownFileType = sourcecode.c.objc; path = MocoTimelineTrackView.m; sourceTree = "<group>"; };
		3B16C557153A9AC400F40A56 /* MocoFrame.h */ = {isa = PBXFileReference; lastKnownFileType = sourcecode.c.h; path = MocoFrame.h; sourceTree = "<group>"; };
		3B16C558153A9AC400F40A56 /* MocoFrame.m */ = {isa = PBXFileReference; lastKnownFileType = sourcecode.c.objc; path = MocoFrame.m; sourceTree = "<group>"; };
		3B16C571153ABC2700F40A56 /* porkins.icns */ = {isa = PBXFileReference; lastKnownFileType = image.icns; path = porkins.icns; sourceTree = "<group>"; };
		3B16C592153ACF3100F40A56 /* MocoAppDelegate.h */ = {isa = PBXFileReference; lastKnownFileType = sourcecode.c.h; path = MocoAppDelegate.h; sourceTree = "<group>"; };
		3B16C593153ACF3100F40A56 /* MocoAppDelegate.m */ = {isa = PBXFileReference; lastKnownFileType = sourcecode.c.objc; path = MocoAppDelegate.m; sourceTree = "<group>"; };
		3B16C5BF153AD7CE00F40A56 /* IOKit.framework */ = {isa = PBXFileReference; lastKnownFileType = wrapper.framework; name = IOKit.framework; path = System/Library/Frameworks/IOKit.framework; sourceTree = SDKROOT; };
		3B2E0313153CFADD00890049 /* MocoDriverResponse.h */ = {isa = PBXFileReference; fileEncoding = 4; lastKnownFileType = sourcecode.c.h; path = MocoDriverResponse.h; sourceTree = "<group>"; };
		3B2E0314153CFADD00890049 /* MocoDriverResponse.m */ = {isa = PBXFileReference; fileEncoding = 4; lastKnownFileType = sourcecode.c.objc; path = MocoDriverResponse.m; sourceTree = "<group>"; };
		3B349155154389990070B321 /* Trenchrun.icns */ = {isa = PBXFileReference; lastKnownFileType = image.icns; path = Trenchrun.icns; sourceTree = "<group>"; };
		3B34D47A15393F8900BB8F3D /* Trenchrun.app */ = {isa = PBXFileReference; explicitFileType = wrapper.application; includeInIndex = 0; path = Trenchrun.app; sourceTree = BUILT_PRODUCTS_DIR; };
		3B34D47E15393F8900BB8F3D /* Cocoa.framework */ = {isa = PBXFileReference; lastKnownFileType = wrapper.framework; name = Cocoa.framework; path = System/Library/Frameworks/Cocoa.framework; sourceTree = SDKROOT; };
		3B34D48115393F8900BB8F3D /* AppKit.framework */ = {isa = PBXFileReference; lastKnownFileType = wrapper.framework; name = AppKit.framework; path = System/Library/Frameworks/AppKit.framework; sourceTree = SDKROOT; };
		3B34D48215393F8900BB8F3D /* CoreData.framework */ = {isa = PBXFileReference; lastKnownFileType = wrapper.framework; name = CoreData.framework; path = System/Library/Frameworks/CoreData.framework; sourceTree = SDKROOT; };
		3B34D48315393F8900BB8F3D /* Foundation.framework */ = {isa = PBXFileReference; lastKnownFileType = wrapper.framework; name = Foundation.framework; path = System/Library/Frameworks/Foundation.framework; sourceTree = SDKROOT; };
		3B34D48615393F8900BB8F3D /* Trenchrun-Info.plist */ = {isa = PBXFileReference; lastKnownFileType = text.plist.xml; path = "Trenchrun-Info.plist"; sourceTree = "<group>"; };
		3B34D48815393F8900BB8F3D /* en */ = {isa = PBXFileReference; lastKnownFileType = text.plist.strings; name = en; path = en.lproj/InfoPlist.strings; sourceTree = "<group>"; };
		3B34D48A15393F8900BB8F3D /* main.m */ = {isa = PBXFileReference; lastKnownFileType = sourcecode.c.objc; path = main.m; sourceTree = "<group>"; };
		3B34D48C15393F8900BB8F3D /* Trenchrun-Prefix.pch */ = {isa = PBXFileReference; lastKnownFileType = sourcecode.c.h; path = "Trenchrun-Prefix.pch"; sourceTree = "<group>"; };
		3B34D48E15393F8900BB8F3D /* en */ = {isa = PBXFileReference; lastKnownFileType = text.rtf; name = en; path = en.lproj/Credits.rtf; sourceTree = "<group>"; };
		3B34D49015393F8900BB8F3D /* MocoDocument.h */ = {isa = PBXFileReference; lastKnownFileType = sourcecode.c.h; path = MocoDocument.h; sourceTree = "<group>"; };
		3B34D49115393F8900BB8F3D /* MocoDocument.m */ = {isa = PBXFileReference; lastKnownFileType = sourcecode.c.objc; path = MocoDocument.m; sourceTree = "<group>"; };
		3B34D49415393F8900BB8F3D /* en */ = {isa = PBXFileReference; lastKnownFileType = file.xib; name = en; path = en.lproj/MocoDocument.xib; sourceTree = "<group>"; };
		3B34D49715393F8900BB8F3D /* en */ = {isa = PBXFileReference; lastKnownFileType = file.xib; name = en; path = en.lproj/MainMenu.xib; sourceTree = "<group>"; };
		3B34D4AE153940AC00BB8F3D /* QuartzCore.framework */ = {isa = PBXFileReference; lastKnownFileType = wrapper.framework; name = QuartzCore.framework; path = System/Library/Frameworks/QuartzCore.framework; sourceTree = SDKROOT; };
		3B4E9707154354E500E0A98E /* Sparkle.framework */ = {isa = PBXFileReference; lastKnownFileType = wrapper.framework; path = Sparkle.framework; sourceTree = "<group>"; };
		3B6A4FA1153FC18A00793C8A /* TimelineView.xib */ = {isa = PBXFileReference; fileEncoding = 4; lastKnownFileType = file.xib; path = TimelineView.xib; sourceTree = "<group>"; };
		3B6A4FA3153FC5DC00793C8A /* MocoTimelineContainerView.h */ = {isa = PBXFileReference; fileEncoding = 4; lastKnownFileType = sourcecode.c.h; path = MocoTimelineContainerView.h; sourceTree = "<group>"; };
		3B6A4FA4153FC5DC00793C8A /* MocoTimelineContainerView.m */ = {isa = PBXFileReference; fileEncoding = 4; lastKnownFileType = sourcecode.c.objc; path = MocoTimelineContainerView.m; sourceTree = "<group>"; };
		3B6A4FA6153FC89D00793C8A /* noise.png */ = {isa = PBXFileReference; lastKnownFileType = image.png; path = noise.png; sourceTree = "<group>"; };
		3B70DACF153FE492006230BC /* MocoTimelineViewConstants.h */ = {isa = PBXFileReference; fileEncoding = 4; lastKnownFileType = sourcecode.c.h; path = MocoTimelineViewConstants.h; sourceTree = "<group>"; };
		3B70DAD0153FE579006230BC /* MocoTimelineTrackViewController.h */ = {isa = PBXFileReference; fileEncoding = 4; lastKnownFileType = sourcecode.c.h; path = MocoTimelineTrackViewController.h; sourceTree = "<group>"; };
		3B70DAD1153FE579006230BC /* MocoTimelineTrackViewController.m */ = {isa = PBXFileReference; fileEncoding = 4; lastKnownFileType = sourcecode.c.objc; path = MocoTimelineTrackViewController.m; sourceTree = "<group>"; };
		3B70DAD3153FFF2E006230BC /* MocoTimelineHeaderListView.h */ = {isa = PBXFileReference; fileEncoding = 4; lastKnownFileType = sourcecode.c.h; path = MocoTimelineHeaderListView.h; sourceTree = "<group>"; };
		3B70DAD4153FFF2E006230BC /* MocoTimelineHeaderListView.m */ = {isa = PBXFileReference; fileEncoding = 4; lastKnownFileType = sourcecode.c.objc; path = MocoTimelineHeaderListView.m; sourceTree = "<group>"; };
		3B70DAD615400220006230BC /* MocoTimelineHeaderView.h */ = {isa = PBXFileReference; fileEncoding = 4; lastKnownFileType = sourcecode.c.h; path = MocoTimelineHeaderView.h; sourceTree = "<group>"; };
		3B70DAD715400220006230BC /* MocoTimelineHeaderView.m */ = {isa = PBXFileReference; fileEncoding = 4; lastKnownFileType = sourcecode.c.objc; path = MocoTimelineHeaderView.m; sourceTree = "<group>"; };
		3B70DAD9154005C2006230BC /* MocoTimelineHeaderViewController.h */ = {isa = PBXFileReference; fileEncoding = 4; lastKnownFileType = sourcecode.c.h; path = MocoTimelineHeaderViewController.h; sourceTree = "<group>"; };
		3B70DADA154005C2006230BC /* MocoTimelineHeaderViewController.m */ = {isa = PBXFileReference; fileEncoding = 4; lastKnownFileType = sourcecode.c.objc; path = MocoTimelineHeaderViewController.m; sourceTree = "<group>"; };
		3B70DADB154005C2006230BC /* MocoTimelineHeaderViewController.xib */ = {isa = PBXFileReference; fileEncoding = 4; lastKnownFileType = file.xib; path = MocoTimelineHeaderViewController.xib; sourceTree = "<group>"; };
		3B721E291543444F008F6D76 /* screengloss.png */ = {isa = PBXFileReference; lastKnownFileType = image.png; path = screengloss.png; sourceTree = "<group>"; };
		3B7FFAB3153B583E00D465E7 /* MocoDriver.h */ = {isa = PBXFileReference; fileEncoding = 4; lastKnownFileType = sourcecode.c.h; path = MocoDriver.h; sourceTree = "<group>"; };
		3B7FFAB4153B583E00D465E7 /* MocoDriver.m */ = {isa = PBXFileReference; fileEncoding = 4; lastKnownFileType = sourcecode.c.objc; path = MocoDriver.m; sourceTree = "<group>"; };
		3B81D4661543B3BA00AEB709 /* MocoAxisPosition.h */ = {isa = PBXFileReference; fileEncoding = 4; lastKnownFileType = sourcecode.c.h; path = MocoAxisPosition.h; sourceTree = "<group>"; };
		3B81D4671543B3BA00AEB709 /* MocoAxisPosition.m */ = {isa = PBXFileReference; fileEncoding = 4; lastKnownFileType = sourcecode.c.objc; path = MocoAxisPosition.m; sourceTree = "<group>"; };
		3B81D46D1543E26800AEB709 /* ReleaseNotesWindowController.h */ = {isa = PBXFileReference; fileEncoding = 4; lastKnownFileType = sourcecode.c.h; path = ReleaseNotesWindowController.h; sourceTree = "<group>"; };
		3B81D46E1543E26900AEB709 /* ReleaseNotesWindowController.m */ = {isa = PBXFileReference; fileEncoding = 4; lastKnownFileType = sourcecode.c.objc; path = ReleaseNotesWindowController.m; sourceTree = "<group>"; };
		3B81D46F1543E26900AEB709 /* ReleaseNotesWindowController.xib */ = {isa = PBXFileReference; fileEncoding = 4; lastKnownFileType = file.xib; path = ReleaseNotesWindowController.xib; sourceTree = "<group>"; };
		3B8FC7B81542860400BC2B9D /* NSColor+M3Extensions.h */ = {isa = PBXFileReference; lastKnownFileType = sourcecode.c.h; path = "NSColor+M3Extensions.h"; sourceTree = "<group>"; };
		3B8FC7B91542860400BC2B9D /* NSColor+M3Extensions.m */ = {isa = PBXFileReference; lastKnownFileType = sourcecode.c.objc; path = "NSColor+M3Extensions.m"; sourceTree = "<group>"; };
		3B8FC7BC154291ED00BC2B9D /* screen.png */ = {isa = PBXFileReference; lastKnownFileType = image.png; path = screen.png; sourceTree = "<group>"; };
		3B9D52B615412EB400421D14 /* track-header-bg.png */ = {isa = PBXFileReference; lastKnownFileType = image.png; path = "track-header-bg.png"; sourceTree = "<group>"; };
		3B9D52B81541339D00421D14 /* divider.png */ = {isa = PBXFileReference; lastKnownFileType = image.png; path = divider.png; sourceTree = "<group>"; };
		3B9D52BA1541365500421D14 /* MocoLineGraphView.h */ = {isa = PBXFileReference; fileEncoding = 4; lastKnownFileType = sourcecode.c.h; path = MocoLineGraphView.h; sourceTree = "<group>"; };
		3B9D52BB1541365500421D14 /* MocoLineGraphView.m */ = {isa = PBXFileReference; fileEncoding = 4; lastKnownFileType = sourcecode.c.objc; path = MocoLineGraphView.m; sourceTree = "<group>"; };
		3BA1E96A153D3A6C003D0F74 /* MocoSerialConnection.h */ = {isa = PBXFileReference; fileEncoding = 4; lastKnownFileType = sourcecode.c.h; path = MocoSerialConnection.h; sourceTree = "<group>"; };
		3BA1E96B153D3A6C003D0F74 /* MocoSerialConnection.m */ = {isa = PBXFileReference; fileEncoding = 4; lastKnownFileType = sourcecode.c.objc; path = MocoSerialConnection.m; sourceTree = "<group>"; };
		3BC12F2615415C6F00EE149F /* MocoTimelineRulerView.h */ = {isa = PBXFileReference; fileEncoding = 4; lastKnownFileType = sourcecode.c.h; path = MocoTimelineRulerView.h; sourceTree = "<group>"; };
		3BC12F2715415C6F00EE149F /* MocoTimelineRulerView.m */ = {isa = PBXFileReference; fileEncoding = 4; lastKnownFileType = sourcecode.c.objc; path = MocoTimelineRulerView.m; sourceTree = "<group>"; };
		3BCBD248153BA0CD00D8E088 /* playhead.png */ = {isa = PBXFileReference; lastKnownFileType = image.png; path = playhead.png; sourceTree = "<group>"; };
		3BCBD24C153BA5E300D8E088 /* MocoTrack.h */ = {isa = PBXFileReference; fileEncoding = 4; lastKnownFileType = sourcecode.c.h; path = MocoTrack.h; sourceTree = "<group>"; };
		3BCBD24D153BA5E300D8E088 /* MocoTrack.m */ = {isa = PBXFileReference; fileEncoding = 4; lastKnownFileType = sourcecode.c.objc; path = MocoTrack.m; sourceTree = "<group>"; };
		3BCBD24F153BA7FE00D8E088 /* MocoProtocolConstants.h */ = {isa = PBXFileReference; fileEncoding = 4; lastKnownFileType = sourcecode.c.h; path = MocoProtocolConstants.h; sourceTree = "<group>"; };
		3BCBD252153BBA1D00D8E088 /* TimelineViewController.h */ = {isa = PBXFileReference; fileEncoding = 4; lastKnownFileType = sourcecode.c.h; path = TimelineViewController.h; sourceTree = "<group>"; };
		3BCBD253153BBA1D00D8E088 /* TimelineViewController.m */ = {isa = PBXFileReference; fileEncoding = 4; lastKnownFileType = sourcecode.c.objc; path = TimelineViewController.m; sourceTree = "<group>"; };
/* End PBXFileReference section */

/* Begin PBXFrameworksBuildPhase section */
		3B34D47715393F8900BB8F3D /* Frameworks */ = {
			isa = PBXFrameworksBuildPhase;
			buildActionMask = 2147483647;
			files = (
				3B16C5C0153AD7CE00F40A56 /* IOKit.framework in Frameworks */,
				3B34D4AF153940AC00BB8F3D /* QuartzCore.framework in Frameworks */,
				3B34D47F15393F8900BB8F3D /* Cocoa.framework in Frameworks */,
				3B4E9708154354E500E0A98E /* Sparkle.framework in Frameworks */,
			);
			runOnlyForDeploymentPostprocessing = 0;
		};
/* End PBXFrameworksBuildPhase section */

/* Begin PBXGroup section */
		3B166867153B8A6100DD7498 /* Views */ = {
			isa = PBXGroup;
			children = (
				3B70DACF153FE492006230BC /* MocoTimelineViewConstants.h */,
				3BCBD252153BBA1D00D8E088 /* TimelineViewController.h */,
				3BCBD253153BBA1D00D8E088 /* TimelineViewController.m */,
				3B166871153B8B0F00DD7498 /* MocoTimelineView.h */,
				3B166872153B8B0F00DD7498 /* MocoTimelineView.m */,
				3B70DAD0153FE579006230BC /* MocoTimelineTrackViewController.h */,
				3B70DAD1153FE579006230BC /* MocoTimelineTrackViewController.m */,
				3B166874153B8B7A00DD7498 /* MocoTimelineTrackView.h */,
				3B166875153B8B7A00DD7498 /* MocoTimelineTrackView.m */,
				3B70DAD9154005C2006230BC /* MocoTimelineHeaderViewController.h */,
				3B70DADA154005C2006230BC /* MocoTimelineHeaderViewController.m */,
				3B70DAD3153FFF2E006230BC /* MocoTimelineHeaderListView.h */,
				3B70DAD4153FFF2E006230BC /* MocoTimelineHeaderListView.m */,
				3B70DAD615400220006230BC /* MocoTimelineHeaderView.h */,
				3B70DAD715400220006230BC /* MocoTimelineHeaderView.m */,
				3B6A4FA3153FC5DC00793C8A /* MocoTimelineContainerView.h */,
				3B6A4FA4153FC5DC00793C8A /* MocoTimelineContainerView.m */,
				3B9D52BA1541365500421D14 /* MocoLineGraphView.h */,
				3B9D52BB1541365500421D14 /* MocoLineGraphView.m */,
				3BC12F2615415C6F00EE149F /* MocoTimelineRulerView.h */,
				3BC12F2715415C6F00EE149F /* MocoTimelineRulerView.m */,
			);
			name = Views;
			sourceTree = "<group>";
		};
		3B16C56E153ABC0900F40A56 /* Assets */ = {
			isa = PBXGroup;
			children = (
				3B349155154389990070B321 /* Trenchrun.icns */,
				3B721E291543444F008F6D76 /* screengloss.png */,
				3B8FC7BC154291ED00BC2B9D /* screen.png */,
				3B9D52B81541339D00421D14 /* divider.png */,
				3B9D52B615412EB400421D14 /* track-header-bg.png */,
				3B6A4FA6153FC89D00793C8A /* noise.png */,
				3BCBD248153BA0CD00D8E088 /* playhead.png */,
				3B16C571153ABC2700F40A56 /* porkins.icns */,
			);
			name = Assets;
			sourceTree = "<group>";
		};
		3B16C58B153ACEE100F40A56 /* Document + Main App */ = {
			isa = PBXGroup;
			children = (
				3B34D49015393F8900BB8F3D /* MocoDocument.h */,
				3B34D49115393F8900BB8F3D /* MocoDocument.m */,
				3B16C592153ACF3100F40A56 /* MocoAppDelegate.h */,
				3B16C593153ACF3100F40A56 /* MocoAppDelegate.m */,
				3BAEBFC1154415B3004596FA /* Other Controllers */,
			);
			name = "Document + Main App";
			sourceTree = "<group>";
		};
		3B16C58C153ACEFF00F40A56 /* Additions + Categories */ = {
			isa = PBXGroup;
			children = (
				3B8FC7B81542860400BC2B9D /* NSColor+M3Extensions.h */,
				3B8FC7B91542860400BC2B9D /* NSColor+M3Extensions.m */,
			);
			name = "Additions + Categories";
			sourceTree = "<group>";
		};
		3B16C58D153ACF2300F40A56 /* Driver */ = {
			isa = PBXGroup;
			children = (
				3B7FFAB3153B583E00D465E7 /* MocoDriver.h */,
				3B7FFAB4153B583E00D465E7 /* MocoDriver.m */,
				3BA1E96A153D3A6C003D0F74 /* MocoSerialConnection.h */,
				3BA1E96B153D3A6C003D0F74 /* MocoSerialConnection.m */,
				3B2E0313153CFADD00890049 /* MocoDriverResponse.h */,
				3B2E0314153CFADD00890049 /* MocoDriverResponse.m */,
				3B16684E153B829F00DD7498 /* MocoDriverStatusValueTransformer.h */,
				3B16684F153B829F00DD7498 /* MocoDriverStatusValueTransformer.m */,
			);
			name = Driver;
			sourceTree = "<group>";
		};
		3B34D46F15393F8900BB8F3D = {
			isa = PBXGroup;
			children = (
				3B34D48415393F8900BB8F3D /* Trenchrun */,
				3B34D47D15393F8900BB8F3D /* Frameworks */,
				3B34D47B15393F8900BB8F3D /* Products */,
			);
			sourceTree = "<group>";
		};
		3B34D47B15393F8900BB8F3D /* Products */ = {
			isa = PBXGroup;
			children = (
				3B34D47A15393F8900BB8F3D /* Trenchrun.app */,
			);
			name = Products;
			sourceTree = "<group>";
		};
		3B34D47D15393F8900BB8F3D /* Frameworks */ = {
			isa = PBXGroup;
			children = (
				3B16C5BF153AD7CE00F40A56 /* IOKit.framework */,
				3B34D4AE153940AC00BB8F3D /* QuartzCore.framework */,
				3B34D47E15393F8900BB8F3D /* Cocoa.framework */,
				3B34D48015393F8900BB8F3D /* Other Frameworks */,
			);
			name = Frameworks;
			sourceTree = "<group>";
		};
		3B34D48015393F8900BB8F3D /* Other Frameworks */ = {
			isa = PBXGroup;
			children = (
				3B4E9707154354E500E0A98E /* Sparkle.framework */,
				3B34D48115393F8900BB8F3D /* AppKit.framework */,
				3B34D48215393F8900BB8F3D /* CoreData.framework */,
				3B34D48315393F8900BB8F3D /* Foundation.framework */,
			);
			name = "Other Frameworks";
			sourceTree = "<group>";
		};
		3B34D48415393F8900BB8F3D /* Trenchrun */ = {
			isa = PBXGroup;
			children = (
				3B7579CB153E4022000A1C3F /* Specs */,
				3BAEBFBF1544149D004596FA /* XIBs */,
				3B16C58B153ACEE100F40A56 /* Document + Main App */,
				3B16C58D153ACF2300F40A56 /* Driver */,
				3BAEBFC015441572004596FA /* Models */,
				3B166867153B8A6100DD7498 /* Views */,
				3B16C58C153ACEFF00F40A56 /* Additions + Categories */,
				3B34D48515393F8900BB8F3D /* Supporting Files */,
				3B16C56E153ABC0900F40A56 /* Assets */,
			);
			path = Trenchrun;
			sourceTree = "<group>";
		};
		3B34D48515393F8900BB8F3D /* Supporting Files */ = {
			isa = PBXGroup;
			children = (
				3B34D48615393F8900BB8F3D /* Trenchrun-Info.plist */,
				3B34D48715393F8900BB8F3D /* InfoPlist.strings */,
				3B34D48A15393F8900BB8F3D /* main.m */,
				3B34D48C15393F8900BB8F3D /* Trenchrun-Prefix.pch */,
				3B34D48D15393F8900BB8F3D /* Credits.rtf */,
			);
			name = "Supporting Files";
			sourceTree = "<group>";
		};
		3B7579CB153E4022000A1C3F /* Specs */ = {
			isa = PBXGroup;
			children = (
				3BCBD24F153BA7FE00D8E088 /* MocoProtocolConstants.h */,
			);
			name = Specs;
			sourceTree = "<group>";
		};
		3BAEBFBF1544149D004596FA /* XIBs */ = {
			isa = PBXGroup;
			children = (
				3B34D49315393F8900BB8F3D /* MocoDocument.xib */,
				3B34D49615393F8900BB8F3D /* MainMenu.xib */,
				3B6A4FA1153FC18A00793C8A /* TimelineView.xib */,
				3B70DADB154005C2006230BC /* MocoTimelineHeaderViewController.xib */,
			);
			name = XIBs;
			sourceTree = "<group>";
		};
		3BAEBFC015441572004596FA /* Models */ = {
			isa = PBXGroup;
			children = (
				3B16C557153A9AC400F40A56 /* MocoFrame.h */,
				3B16C558153A9AC400F40A56 /* MocoFrame.m */,
				3BCBD24C153BA5E300D8E088 /* MocoTrack.h */,
				3BCBD24D153BA5E300D8E088 /* MocoTrack.m */,
				3B81D4661543B3BA00AEB709 /* MocoAxisPosition.h */,
				3B81D4671543B3BA00AEB709 /* MocoAxisPosition.m */,
			);
			name = Models;
			sourceTree = "<group>";
		};
		3BAEBFC1154415B3004596FA /* Other Controllers */ = {
			isa = PBXGroup;
			children = (
				3B81D46D1543E26800AEB709 /* ReleaseNotesWindowController.h */,
				3B81D46E1543E26900AEB709 /* ReleaseNotesWindowController.m */,
				3B81D46F1543E26900AEB709 /* ReleaseNotesWindowController.xib */,
			);
			name = "Other Controllers";
			sourceTree = "<group>";
		};
/* End PBXGroup section */

/* Begin PBXNativeTarget section */
		3B34D47915393F8900BB8F3D /* Trenchrun */ = {
			isa = PBXNativeTarget;
			buildConfigurationList = 3B34D49B15393F8900BB8F3D /* Build configuration list for PBXNativeTarget "Trenchrun" */;
			buildPhases = (
				3B34D47615393F8900BB8F3D /* Sources */,
				3B34D47715393F8900BB8F3D /* Frameworks */,
				3B34D47815393F8900BB8F3D /* Resources */,
				3B34D4AC1539406300BB8F3D /* CopyFiles */,
			);
			buildRules = (
			);
			dependencies = (
			);
			name = Trenchrun;
			productName = Trenchrun;
			productReference = 3B34D47A15393F8900BB8F3D /* Trenchrun.app */;
			productType = "com.apple.product-type.application";
		};
/* End PBXNativeTarget section */

/* Begin PBXProject section */
		3B34D47115393F8900BB8F3D /* Project object */ = {
			isa = PBXProject;
			attributes = {
				CLASSPREFIX = Moco;
				LastUpgradeCheck = 0430;
			};
			buildConfigurationList = 3B34D47415393F8900BB8F3D /* Build configuration list for PBXProject "Trenchrun" */;
			compatibilityVersion = "Xcode 3.2";
			developmentRegion = English;
			hasScannedForEncodings = 0;
			knownRegions = (
				en,
			);
			mainGroup = 3B34D46F15393F8900BB8F3D;
			productRefGroup = 3B34D47B15393F8900BB8F3D /* Products */;
			projectDirPath = "";
			projectRoot = "";
			targets = (
				3B34D47915393F8900BB8F3D /* Trenchrun */,
			);
		};
/* End PBXProject section */

/* Begin PBXResourcesBuildPhase section */
		3B34D47815393F8900BB8F3D /* Resources */ = {
			isa = PBXResourcesBuildPhase;
			buildActionMask = 2147483647;
			files = (
				3B34D48915393F8900BB8F3D /* InfoPlist.strings in Resources */,
				3B34D48F15393F8900BB8F3D /* Credits.rtf in Resources */,
				3B34D49515393F8900BB8F3D /* MocoDocument.xib in Resources */,
				3B34D49815393F8900BB8F3D /* MainMenu.xib in Resources */,
				3B16C572153ABC2700F40A56 /* porkins.icns in Resources */,
				3BCBD249153BA0CD00D8E088 /* playhead.png in Resources */,
				3B6A4FA2153FC18A00793C8A /* TimelineView.xib in Resources */,
				3B6A4FA7153FC89D00793C8A /* noise.png in Resources */,
				3B70DADD154005C3006230BC /* MocoTimelineHeaderViewController.xib in Resources */,
				3B9D52B715412EB400421D14 /* track-header-bg.png in Resources */,
				3B9D52B91541339D00421D14 /* divider.png in Resources */,
				3B8FC7BD154291ED00BC2B9D /* screen.png in Resources */,
				3B721E2A1543444F008F6D76 /* screengloss.png in Resources */,
				3B349156154389990070B321 /* Trenchrun.icns in Resources */,
				3B81D4711543E26900AEB709 /* ReleaseNotesWindowController.xib in Resources */,
			);
			runOnlyForDeploymentPostprocessing = 0;
		};
/* End PBXResourcesBuildPhase section */

/* Begin PBXSourcesBuildPhase section */
		3B34D47615393F8900BB8F3D /* Sources */ = {
			isa = PBXSourcesBuildPhase;
			buildActionMask = 2147483647;
			files = (
				3B34D48B15393F8900BB8F3D /* main.m in Sources */,
				3B34D49215393F8900BB8F3D /* MocoDocument.m in Sources */,
				3B16C566153AA4F000F40A56 /* MocoFrame.m in Sources */,
				3B16C596153ACF7900F40A56 /* MocoAppDelegate.m in Sources */,
				3B8FC7BB1542868700BC2B9D /* NSColor+M3Extensions.m in Sources */,
				3B7FFAB5153B583E00D465E7 /* MocoDriver.m in Sources */,
				3B166850153B833700DD7498 /* MocoDriverStatusValueTransformer.m in Sources */,
				3B166873153B8B0F00DD7498 /* MocoTimelineView.m in Sources */,
				3B166876153B8B7A00DD7498 /* MocoTimelineTrackView.m in Sources */,
				3BCBD24E153BA5E300D8E088 /* MocoTrack.m in Sources */,
				3BCBD254153BBA1D00D8E088 /* TimelineViewController.m in Sources */,
				3B2E0315153CFADD00890049 /* MocoDriverResponse.m in Sources */,
				3BA1E96C153D3A6C003D0F74 /* MocoSerialConnection.m in Sources */,
				3B6A4FA5153FC5DC00793C8A /* MocoTimelineContainerView.m in Sources */,
				3B70DAD2153FE579006230BC /* MocoTimelineTrackViewController.m in Sources */,
				3B70DAD5153FFF2E006230BC /* MocoTimelineHeaderListView.m in Sources */,
				3B70DAD815400220006230BC /* MocoTimelineHeaderView.m in Sources */,
				3B70DADC154005C3006230BC /* MocoTimelineHeaderViewController.m in Sources */,
				3B9D52BC1541365500421D14 /* MocoLineGraphView.m in Sources */,
				3BC12F2815415C6F00EE149F /* MocoTimelineRulerView.m in Sources */,
				3B81D4681543B3BA00AEB709 /* MocoAxisPosition.m in Sources */,
				3B81D4701543E26900AEB709 /* ReleaseNotesWindowController.m in Sources */,
			);
			runOnlyForDeploymentPostprocessing = 0;
		};
/* End PBXSourcesBuildPhase section */

/* Begin PBXVariantGroup section */
		3B34D48715393F8900BB8F3D /* InfoPlist.strings */ = {
			isa = PBXVariantGroup;
			children = (
				3B34D48815393F8900BB8F3D /* en */,
			);
			name = InfoPlist.strings;
			sourceTree = "<group>";
		};
		3B34D48D15393F8900BB8F3D /* Credits.rtf */ = {
			isa = PBXVariantGroup;
			children = (
				3B34D48E15393F8900BB8F3D /* en */,
			);
			name = Credits.rtf;
			sourceTree = "<group>";
		};
		3B34D49315393F8900BB8F3D /* MocoDocument.xib */ = {
			isa = PBXVariantGroup;
			children = (
				3B34D49415393F8900BB8F3D /* en */,
			);
			name = MocoDocument.xib;
			sourceTree = "<group>";
		};
		3B34D49615393F8900BB8F3D /* MainMenu.xib */ = {
			isa = PBXVariantGroup;
			children = (
				3B34D49715393F8900BB8F3D /* en */,
			);
			name = MainMenu.xib;
			sourceTree = "<group>";
		};
/* End PBXVariantGroup section */

/* Begin XCBuildConfiguration section */
		3B34D49915393F8900BB8F3D /* Debug */ = {
			isa = XCBuildConfiguration;
			buildSettings = {
				ALWAYS_SEARCH_USER_PATHS = NO;
				ARCHS = "$(ARCHS_STANDARD_64_BIT)";
				CLANG_ENABLE_OBJC_ARC = YES;
				COPY_PHASE_STRIP = NO;
				GCC_C_LANGUAGE_STANDARD = gnu99;
				GCC_DYNAMIC_NO_PIC = NO;
				GCC_ENABLE_OBJC_EXCEPTIONS = YES;
				GCC_OPTIMIZATION_LEVEL = 0;
				GCC_PREPROCESSOR_DEFINITIONS = (
					"DEBUG=1",
					"$(inherited)",
				);
				GCC_SYMBOLS_PRIVATE_EXTERN = NO;
				GCC_VERSION = com.apple.compilers.llvm.clang.1_0;
				GCC_WARN_64_TO_32_BIT_CONVERSION = YES;
				GCC_WARN_ABOUT_RETURN_TYPE = YES;
				GCC_WARN_UNINITIALIZED_AUTOS = YES;
				GCC_WARN_UNUSED_VARIABLE = YES;
				MACOSX_DEPLOYMENT_TARGET = 10.7;
				ONLY_ACTIVE_ARCH = YES;
				SDKROOT = macosx;
			};
			name = Debug;
		};
		3B34D49A15393F8900BB8F3D /* Release */ = {
			isa = XCBuildConfiguration;
			buildSettings = {
				ALWAYS_SEARCH_USER_PATHS = NO;
				ARCHS = "$(ARCHS_STANDARD_64_BIT)";
				CLANG_ENABLE_OBJC_ARC = YES;
				COPY_PHASE_STRIP = YES;
				DEBUG_INFORMATION_FORMAT = "dwarf-with-dsym";
				GCC_C_LANGUAGE_STANDARD = gnu99;
				GCC_ENABLE_OBJC_EXCEPTIONS = YES;
				GCC_VERSION = com.apple.compilers.llvm.clang.1_0;
				GCC_WARN_64_TO_32_BIT_CONVERSION = YES;
				GCC_WARN_ABOUT_RETURN_TYPE = YES;
				GCC_WARN_UNINITIALIZED_AUTOS = YES;
				GCC_WARN_UNUSED_VARIABLE = YES;
				MACOSX_DEPLOYMENT_TARGET = 10.7;
				SDKROOT = macosx;
			};
			name = Release;
		};
		3B34D49C15393F8900BB8F3D /* Debug */ = {
			isa = XCBuildConfiguration;
			buildSettings = {
				FRAMEWORK_SEARCH_PATHS = (
					"$(inherited)",
					"\"$(SRCROOT)\"",
				);
				GCC_PRECOMPILE_PREFIX_HEADER = YES;
				GCC_PREFIX_HEADER = "Trenchrun/Trenchrun-Prefix.pch";
				INFOPLIST_FILE = "Trenchrun/Trenchrun-Info.plist";
				MACOSX_DEPLOYMENT_TARGET = 10.7;
				PRODUCT_NAME = "$(TARGET_NAME)";
				WRAPPER_EXTENSION = app;
			};
			name = Debug;
		};
		3B34D49D15393F8900BB8F3D /* Release */ = {
			isa = XCBuildConfiguration;
			buildSettings = {
				FRAMEWORK_SEARCH_PATHS = (
					"$(inherited)",
					"\"$(SRCROOT)\"",
				);
				GCC_PRECOMPILE_PREFIX_HEADER = YES;
				GCC_PREFIX_HEADER = "Trenchrun/Trenchrun-Prefix.pch";
				INFOPLIST_FILE = "Trenchrun/Trenchrun-Info.plist";
				MACOSX_DEPLOYMENT_TARGET = 10.7;
				PRODUCT_NAME = "$(TARGET_NAME)";
				WRAPPER_EXTENSION = app;
			};
			name = Release;
		};
/* End XCBuildConfiguration section */

/* Begin XCConfigurationList section */
		3B34D47415393F8900BB8F3D /* Build configuration list for PBXProject "Trenchrun" */ = {
			isa = XCConfigurationList;
			buildConfigurations = (
				3B34D49915393F8900BB8F3D /* Debug */,
				3B34D49A15393F8900BB8F3D /* Release */,
			);
			defaultConfigurationIsVisible = 0;
			defaultConfigurationName = Release;
		};
		3B34D49B15393F8900BB8F3D /* Build configuration list for PBXNativeTarget "Trenchrun" */ = {
			isa = XCConfigurationList;
			buildConfigurations = (
				3B34D49C15393F8900BB8F3D /* Debug */,
				3B34D49D15393F8900BB8F3D /* Release */,
			);
			defaultConfigurationIsVisible = 0;
			defaultConfigurationName = Release;
		};
/* End XCConfigurationList section */
	};
	rootObject = 3B34D47115393F8900BB8F3D /* Project object */;
}
